{
  "name": "@hbgj/gateway",
  "version": "0.0.1",
  "lockfileVersion": 1,
  "requires": true,
  "dependencies": {
    "fsevents": {
      "version": "2.3.1",
      "resolved": "http://registry.npm.rsscc.cn/repository/hbgj-fe/fsevents/-/fsevents-2.3.1.tgz",
      "integrity": "sha1-sgmrFMYQEmNsiGNQft9/tozFTp8=",
      "dev": true,
      "optional": true
    },
    "rollup": {
      "version": "2.38.4",
      "resolved": "http://registry.npm.rsscc.cn/repository/hbgj-fe/rollup/-/rollup-2.38.4.tgz",
      "integrity": "sha1-G4TqhyjHOxoApqbpxjDsjD/kjOo=",
      "dev": true,
      "requires": {
        "fsevents": "~2.3.1"
      }
    }
  }
}
